
Microsoft Visual Studio Solution File, Format Version 12.00
# Visual Studio Version 16
VisualStudioVersion = 16.0.31402.337
MinimumVisualStudioVersion = 10.0.40219.1
Project("{9A19103F-16F7-4668-BE54-9A1E7A4F7556}") = "StoreInventory", "StoreInventory\StoreInventory.csproj", "{2DB844FB-5C48-48B2-B223-4602CB24053D}"
EndProject
Project("{FAE04EC0-301F-11D3-BF4B-00C04F79EFBC}") = "Unit Tests", "Unit Tests\Unit Tests.csproj", "{963E5ABE-1A9B-4AAD-84FF-089AE905383E}"
EndProject
Global
	GlobalSection(SolutionConfigurationPlatforms) = preSolution
		Debug|Any CPU = Debug|Any CPU
		Release|Any CPU = Release|Any CPU
	EndGlobalSection
	GlobalSection(ProjectConfigurationPlatforms) = postSolution
		{2DB844FB-5C48-48B2-B223-4602CB24053D}.Debug|Any CPU.ActiveCfg = Debug|Any CPU
		{2DB844FB-5C48-48B2-B223-4602CB24053D}.Debug|Any CPU.Build.0 = Debug|Any CPU
		{2DB844FB-5C48-48B2-B223-4602CB24053D}.Release|Any CPU.ActiveCfg = Release|Any CPU
		{2DB844FB-5C48-48B2-B223-4602CB24053D}.Release|Any CPU.Build.0 = Release|Any CPU
		{963E5ABE-1A9B-4AAD-84FF-089AE905383E}.Debug|Any CPU.ActiveCfg = Debug|Any CPU
		{963E5ABE-1A9B-4AAD-84FF-089AE905383E}.Debug|Any CPU.Build.0 = Debug|Any CPU
		{963E5ABE-1A9B-4AAD-84FF-089AE905383E}.Release|Any CPU.ActiveCfg = Release|Any CPU
		{963E5ABE-1A9B-4AAD-84FF-089AE905383E}.Release|Any CPU.Build.0 = Release|Any CPU
	EndGlobalSection
	GlobalSection(SolutionProperties) = preSolution
		HideSolutionNode = FALSE
	EndGlobalSection
	GlobalSection(ExtensibilityGlobals) = postSolution
		SolutionGuid = {9791CA70-D682-4E11-8DB9-308EFC444C49}
	EndGlobalSection
EndGlobal
